
Microsoft Visual Studio Solution File, Format Version 12.00
# Visual Studio Version 17
VisualStudioVersion = 17.0.31903.59
MinimumVisualStudioVersion = 10.0.40219.1
Project("{FAE04EC0-301F-11D3-BF4B-00C04F79EFBC}") = "FastExe0.1v", "FastExe\FastExe0.1v.csproj", "{38FB32D7-4A8C-4664-AF02-582FDFCA0ACF}"
EndProject
Project("{2150E333-8FDC-42A3-9474-1A3956D46DE8}") = "NewFolder1", "NewFolder1", "{A620545B-4A27-408E-92F8-67B988E8F027}"
EndProject
Global
	GlobalSection(SolutionConfigurationPlatforms) = preSolution
		Debug|Any CPU = Debug|Any CPU
		Release|Any CPU = Release|Any CPU
	EndGlobalSection
	GlobalSection(ProjectConfigurationPlatforms) = postSolution
		{38FB32D7-4A8C-4664-AF02-582FDFCA0ACF}.Debug|Any CPU.ActiveCfg = Debug|Any CPU
		{38FB32D7-4A8C-4664-AF02-582FDFCA0ACF}.Debug|Any CPU.Build.0 = Debug|Any CPU
		{38FB32D7-4A8C-4664-AF02-582FDFCA0ACF}.Release|Any CPU.ActiveCfg = Release|Any CPU
		{38FB32D7-4A8C-4664-AF02-582FDFCA0ACF}.Release|Any CPU.Build.0 = Release|Any CPU
	EndGlobalSection
	GlobalSection(SolutionProperties) = preSolution
		HideSolutionNode = FALSE
	EndGlobalSection
	GlobalSection(ExtensibilityGlobals) = postSolution
		SolutionGuid = {1E0298D2-9497-4F29-BA59-801365BB2013}
	EndGlobalSection
EndGlobal
